PODS:
  - PagingMenuController (2.0.0)
  - Spring (1.0.3)

DEPENDENCIES:
  - PagingMenuController
  - Spring (from `https://github.com/MengTo/Spring.git`, branch `swift3`)

EXTERNAL SOURCES:
  Spring:
    :branch: swift3
    :git: https://github.com/MengTo/Spring.git

CHECKOUT OPTIONS:
  Spring:
    :commit: 3a9227c6e9157e7b47f5ac1ee5abab2a56b50002
    :git: https://github.com/MengTo/Spring.git

SPEC CHECKSUMS:
  PagingMenuController: 60602bfb5421d6536c1e3097baeed601dec1d85b
  Spring: 3f02b5dc3308572ef177b3cad0fa7bbc4b0706f7

PODFILE CHECKSUM: f7271893b904b32f2393bebd3a2770bde6aa3bb6

COCOAPODS: 1.0.1
